
Microsoft Visual Studio Solution File, Format Version 12.00
# Visual Studio Version 16
VisualStudioVersion = 16.0.31129.286
MinimumVisualStudioVersion = 10.0.40219.1
Project("{FAE04EC0-301F-11D3-BF4B-00C04F79EFBC}") = "CheckOrder", "CheckOrder\CheckOrder.csproj", "{40CD9110-15AB-4480-AEE1-82AB654F59E3}"
EndProject
Global
	GlobalSection(SolutionConfigurationPlatforms) = preSolution
		Debug|Any CPU = Debug|Any CPU
		Release|Any CPU = Release|Any CPU
	EndGlobalSection
	GlobalSection(ProjectConfigurationPlatforms) = postSolution
		{40CD9110-15AB-4480-AEE1-82AB654F59E3}.Debug|Any CPU.ActiveCfg = Debug|Any CPU
		{40CD9110-15AB-4480-AEE1-82AB654F59E3}.Debug|Any CPU.Build.0 = Debug|Any CPU
		{40CD9110-15AB-4480-AEE1-82AB654F59E3}.Release|Any CPU.ActiveCfg = Release|Any CPU
		{40CD9110-15AB-4480-AEE1-82AB654F59E3}.Release|Any CPU.Build.0 = Release|Any CPU
	EndGlobalSection
	GlobalSection(SolutionProperties) = preSolution
		HideSolutionNode = FALSE
	EndGlobalSection
	GlobalSection(ExtensibilityGlobals) = postSolution
		SolutionGuid = {AB5267AD-EA7B-41A6-ACD6-64802EBA4E2B}
	EndGlobalSection
EndGlobal
